# THIS IS AN AUTOGENERATED FILE. DO NOT EDIT THIS FILE DIRECTLY.
# yarn lockfile v1


ansi-styles@^3.1.0:
  version "3.2.0"
  resolved "https://registry.yarnpkg.com/ansi-styles/-/ansi-styles-3.2.0.tgz#c159b8d5be0f9e5a6f346dab94f16ce022161b88"
  dependencies:
    color-convert "^1.9.0"

async-limiter@~1.0.0:
  version "1.0.0"
  resolved "https://registry.yarnpkg.com/async-limiter/-/async-limiter-1.0.0.tgz#78faed8c3d074ab81f22b4e985d79e8738f720f8"

chalk@^2.1.0:
  version "2.1.0"
  resolved "https://registry.yarnpkg.com/chalk/-/chalk-2.1.0.tgz#ac5becf14fa21b99c6c92ca7a7d7cfd5b17e743e"
  dependencies:
    ansi-styles "^3.1.0"
    escape-string-regexp "^1.0.5"
    supports-color "^4.0.0"

color-convert@^1.9.0:
  version "1.9.0"
  resolved "https://registry.yarnpkg.com/color-convert/-/color-convert-1.9.0.tgz#1accf97dd739b983bf994d56fec8f95853641b7a"
  dependencies:
    color-name "^1.1.1"

color-name@^1.1.1:
  version "1.1.3"
  resolved "https://registry.yarnpkg.com/color-name/-/color-name-1.1.3.tgz#a7d0558bd89c42f795dd42328f740831ca53bc25"

"discord.js@github:hydrabolt/discord.js#master":
  version "12.0.0-dev"
  resolved "https://codeload.github.com/hydrabolt/discord.js/tar.gz/b462a7b94f46deff0fb6f77bfb345a7a5a746722"
  dependencies:
    long "^3.0.0"
    prism-media "^0.0.1"
    snekfetch "^3.0.0"
    tweetnacl "^1.0.0"
    ws "^3.0.0"

escape-string-regexp@^1.0.5:
  version "1.0.5"
  resolved "https://registry.yarnpkg.com/escape-string-regexp/-/escape-string-regexp-1.0.5.tgz#1b61c0562190a8dff6ae3bb2cf0200ca130b86d4"

fs-nextra@^0.2.1:
  version "0.2.1"
  resolved "https://registry.yarnpkg.com/fs-nextra/-/fs-nextra-0.2.1.tgz#0d570125e025b03b2512c858d4449bf62994ef21"

has-flag@^2.0.0:
  version "2.0.0"
  resolved "https://registry.yarnpkg.com/has-flag/-/has-flag-2.0.0.tgz#e8207af1cc7b30d446cc70b734b5e8be18f88d51"

klasa@^0.3.0:
  version "0.3.0"
  resolved "https://registry.yarnpkg.com/klasa/-/klasa-0.3.0.tgz#9bb0e12297930bf23243f612adea3db97948fb23"
  dependencies:
    chalk "^2.1.0"
    discord.js "github:hydrabolt/discord.js#master"
    fs-nextra "^0.2.1"
    moment "^2.18.1"
    moment-duration-format "^1.3.0"
    performance-now "^2.1.0"

long@^3.0.0:
  version "3.2.0"
  resolved "https://registry.yarnpkg.com/long/-/long-3.2.0.tgz#d821b7138ca1cb581c172990ef14db200b5c474b"

moment-duration-format@^1.3.0:
  version "1.3.0"
  resolved "https://registry.yarnpkg.com/moment-duration-format/-/moment-duration-format-1.3.0.tgz#541771b5f87a049cc65540475d3ad966737d6908"

moment@^2.18.1:
  version "2.27.0"
  resolved "https://registry.yarnpkg.com/moment/-/moment-2.27.0.tgz#8bff4e3e26a236220dfe3e36de756b6ebaa0105d"

performance-now@^2.1.0:
  version "2.1.0"
  resolved "https://registry.yarnpkg.com/performance-now/-/performance-now-2.1.0.tgz#6309f4e0e5fa913ec1c69307ae364b4b377c9e7b"

prism-media@^0.0.1:
  version "0.0.1"
  resolved "https://registry.yarnpkg.com/prism-media/-/prism-media-0.0.1.tgz#a3425c9cabd50d1c6c02e543941a11895667bd10"

safe-buffer@~5.1.0:
  version "5.1.1"
  resolved "https://registry.yarnpkg.com/safe-buffer/-/safe-buffer-5.1.1.tgz#893312af69b2123def71f57889001671eeb2c853"

snekfetch@^3.0.0:
  version "3.4.4"
  resolved "https://registry.yarnpkg.com/snekfetch/-/snekfetch-3.4.4.tgz#b97ad6acd81da1a6241849eee32b15876d93e6e1"

supports-color@^4.0.0:
  version "4.4.0"
  resolved "https://registry.yarnpkg.com/supports-color/-/supports-color-4.4.0.tgz#883f7ddabc165142b2a61427f3352ded195d1a3e"
  dependencies:
    has-flag "^2.0.0"

tweetnacl@^1.0.0:
  version "1.0.0"
  resolved "https://registry.yarnpkg.com/tweetnacl/-/tweetnacl-1.0.0.tgz#713d8b818da42068740bf68386d0479e66fc8a7b"

ultron@~1.1.0:
  version "1.1.0"
  resolved "https://registry.yarnpkg.com/ultron/-/ultron-1.1.0.tgz#b07a2e6a541a815fc6a34ccd4533baec307ca864"

ws@^3.0.0:
  version "3.2.0"
  resolved "https://registry.yarnpkg.com/ws/-/ws-3.2.0.tgz#d5d3d6b11aff71e73f808f40cc69d52bb6d4a185"
  dependencies:
    async-limiter "~1.0.0"
    safe-buffer "~5.1.0"
    ultron "~1.1.0"
